
Microsoft Visual Studio Solution File, Format Version 12.00
# Visual Studio Version 16
VisualStudioVersion = 16.0.31321.278
MinimumVisualStudioVersion = 10.0.40219.1
Project("{FAE04EC0-301F-11D3-BF4B-00C04F79EFBC}") = "Parser Parser", "Parser Parser\Parser Parser.csproj", "{3310BA5C-6740-4E2E-BEE3-45164671CACF}"
EndProject
Global
	GlobalSection(SolutionConfigurationPlatforms) = preSolution
		Debug|Any CPU = Debug|Any CPU
		Release|Any CPU = Release|Any CPU
	EndGlobalSection
	GlobalSection(ProjectConfigurationPlatforms) = postSolution
		{3310BA5C-6740-4E2E-BEE3-45164671CACF}.Debug|Any CPU.ActiveCfg = Debug|Any CPU
		{3310BA5C-6740-4E2E-BEE3-45164671CACF}.Debug|Any CPU.Build.0 = Debug|Any CPU
		{3310BA5C-6740-4E2E-BEE3-45164671CACF}.Release|Any CPU.ActiveCfg = Release|Any CPU
		{3310BA5C-6740-4E2E-BEE3-45164671CACF}.Release|Any CPU.Build.0 = Release|Any CPU
	EndGlobalSection
	GlobalSection(SolutionProperties) = preSolution
		HideSolutionNode = FALSE
	EndGlobalSection
	GlobalSection(ExtensibilityGlobals) = postSolution
		SolutionGuid = {5A3484BD-83AA-4CCF-BA63-5F362AC892B8}
	EndGlobalSection
EndGlobal
